
Microsoft Visual Studio Solution File, Format Version 12.00
# Visual Studio 15
VisualStudioVersion = 15.0.27703.2042
MinimumVisualStudioVersion = 10.0.40219.1
Project("{930C7802-8A8C-48F9-8165-68863BCCD9DD}") = "INSTALLER", "INSTALLER\INSTALLER.wixproj", "{EADDE8B0-61C8-4FCF-A155-297C3F165316}"
EndProject
Project("{FAE04EC0-301F-11D3-BF4B-00C04F79EFBC}") = "CRYPTOMAT", "CRYPTOMAT\CRYPTOMAT.csproj", "{BED78D32-7E7A-4351-85EF-296EEA70C157}"
EndProject
Global
	GlobalSection(SolutionConfigurationPlatforms) = preSolution
		Debug|Any CPU = Debug|Any CPU
		Debug|x64 = Debug|x64
		Debug|x86 = Debug|x86
		Release|Any CPU = Release|Any CPU
		Release|x64 = Release|x64
		Release|x86 = Release|x86
	EndGlobalSection
	GlobalSection(ProjectConfigurationPlatforms) = postSolution
		{EADDE8B0-61C8-4FCF-A155-297C3F165316}.Debug|Any CPU.ActiveCfg = Debug|x86
		{EADDE8B0-61C8-4FCF-A155-297C3F165316}.Debug|x64.ActiveCfg = Debug|x64
		{EADDE8B0-61C8-4FCF-A155-297C3F165316}.Debug|x64.Build.0 = Debug|x64
		{EADDE8B0-61C8-4FCF-A155-297C3F165316}.Debug|x86.ActiveCfg = Debug|x86
		{EADDE8B0-61C8-4FCF-A155-297C3F165316}.Debug|x86.Build.0 = Debug|x86
		{EADDE8B0-61C8-4FCF-A155-297C3F165316}.Release|Any CPU.ActiveCfg = Release|x86
		{EADDE8B0-61C8-4FCF-A155-297C3F165316}.Release|x64.ActiveCfg = Release|x86
		{EADDE8B0-61C8-4FCF-A155-297C3F165316}.Release|x86.ActiveCfg = Release|x86
		{EADDE8B0-61C8-4FCF-A155-297C3F165316}.Release|x86.Build.0 = Release|x86
		{BED78D32-7E7A-4351-85EF-296EEA70C157}.Debug|Any CPU.ActiveCfg = Debug|Any CPU
		{BED78D32-7E7A-4351-85EF-296EEA70C157}.Debug|Any CPU.Build.0 = Debug|Any CPU
		{BED78D32-7E7A-4351-85EF-296EEA70C157}.Debug|x64.ActiveCfg = Debug|x64
		{BED78D32-7E7A-4351-85EF-296EEA70C157}.Debug|x64.Build.0 = Debug|x64
		{BED78D32-7E7A-4351-85EF-296EEA70C157}.Debug|x86.ActiveCfg = Debug|x86
		{BED78D32-7E7A-4351-85EF-296EEA70C157}.Debug|x86.Build.0 = Debug|x86
		{BED78D32-7E7A-4351-85EF-296EEA70C157}.Release|Any CPU.ActiveCfg = Release|Any CPU
		{BED78D32-7E7A-4351-85EF-296EEA70C157}.Release|Any CPU.Build.0 = Release|Any CPU
		{BED78D32-7E7A-4351-85EF-296EEA70C157}.Release|x64.ActiveCfg = Release|Any CPU
		{BED78D32-7E7A-4351-85EF-296EEA70C157}.Release|x64.Build.0 = Release|Any CPU
		{BED78D32-7E7A-4351-85EF-296EEA70C157}.Release|x86.ActiveCfg = Release|Any CPU
		{BED78D32-7E7A-4351-85EF-296EEA70C157}.Release|x86.Build.0 = Release|Any CPU
	EndGlobalSection
	GlobalSection(SolutionProperties) = preSolution
		HideSolutionNode = FALSE
	EndGlobalSection
	GlobalSection(ExtensibilityGlobals) = postSolution
		SolutionGuid = {D896214E-B5CA-486D-A745-854045F9189B}
	EndGlobalSection
EndGlobal
